// !$*UTF8*$!
{
	archiveVersion = 1;
	classes = {
	};
	objectVersion = 51;
	objects = {

/* Begin PBXBuildFile section */
		52F5037332673315E94C2A66 /* Pods_M10HomeWorkMaps_M10HomeWorkMapsUITests.framework in Frameworks */ = {isa = PBXBuildFile; fileRef = 2A3B86E2A5B625BDB07C0E55 /* Pods_M10HomeWorkMaps_M10HomeWorkMapsUITests.framework */; };
		B49B9A395F6AF0C15C19901E /* Pods_M10HomeWorkMapsTests.framework in Frameworks */ = {isa = PBXBuildFile; fileRef = 0FFF8ED0B1AF3F1F94240B56 /* Pods_M10HomeWorkMapsTests.framework */; };
		DFB2BFB5C463074DB82F6C1F /* Pods_M10HomeWorkMaps.framework in Frameworks */ = {isa = PBXBuildFile; fileRef = 6E0678865D4F60CDF02F46E6 /* Pods_M10HomeWorkMaps.framework */; };
		F54036EF2692FC7400FC9F94 /* GMapsViewController.swift in Sources */ = {isa = PBXBuildFile; fileRef = F54036EE2692FC7400FC9F94 /* GMapsViewController.swift */; };
		F54036F126944CD200FC9F94 /* YMapsViewController.swift in Sources */ = {isa = PBXBuildFile; fileRef = F54036F026944CD200FC9F94 /* YMapsViewController.swift */; };
		F54AB7C426917CBE00F619A6 /* AppDelegate.swift in Sources */ = {isa = PBXBuildFile; fileRef = F54AB7C326917CBE00F619A6 /* AppDelegate.swift */; };
		F54AB7C626917CBE00F619A6 /* SceneDelegate.swift in Sources */ = {isa = PBXBuildFile; fileRef = F54AB7C526917CBE00F619A6 /* SceneDelegate.swift */; };
		F54AB7C826917CBE00F619A6 /* ViewController.swift in Sources */ = {isa = PBXBuildFile; fileRef = F54AB7C726917CBE00F619A6 /* ViewController.swift */; };
		F54AB7CB26917CBE00F619A6 /* Main.storyboard in Resources */ = {isa = PBXBuildFile; fileRef = F54AB7C926917CBE00F619A6 /* Main.storyboard */; };
		F54AB7CD26917CC000F619A6 /* Assets.xcassets in Resources */ = {isa = PBXBuildFile; fileRef = F54AB7CC26917CC000F619A6 /* Assets.xcassets */; };
		F54AB7D026917CC000F619A6 /* LaunchScreen.storyboard in Resources */ = {isa = PBXBuildFile; fileRef = F54AB7CE26917CC000F619A6 /* LaunchScreen.storyboard */; };
		F54AB7DB26917CC000F619A6 /* M10HomeWorkMapsTests.swift in Sources */ = {isa = PBXBuildFile; fileRef = F54AB7DA26917CC000F619A6 /* M10HomeWorkMapsTests.swift */; };
		F54AB7E626917CC000F619A6 /* M10HomeWorkMapsUITests.swift in Sources */ = {isa = PBXBuildFile; fileRef = F54AB7E526917CC000F619A6 /* M10HomeWorkMapsUITests.swift */; };
		F54AB7F726917EA700F619A6 /* LocationManager.swift in Sources */ = {isa = PBXBuildFile; fileRef = F54AB7F626917EA700F619A6 /* LocationManager.swift */; };
		F54AB7F92691CD6D00F619A6 /* Annotation.swift in Sources */ = {isa = PBXBuildFile; fileRef = F54AB7F82691CD6D00F619A6 /* Annotation.swift */; };
/* End PBXBuildFile section */

/* Begin PBXContainerItemProxy section */
		F54AB7D726917CC000F619A6 /* PBXContainerItemProxy */ = {
			isa = PBXContainerItemProxy;
			containerPortal = F54AB7B826917CBE00F619A6 /* Project object */;
			proxyType = 1;
			remoteGlobalIDString = F54AB7BF26917CBE00F619A6;
			remoteInfo = M10HomeWorkMaps;
		};
		F54AB7E226917CC000F619A6 /* PBXContainerItemProxy */ = {
			isa = PBXContainerItemProxy;
			containerPortal = F54AB7B826917CBE00F619A6 /* Project object */;
			proxyType = 1;
			remoteGlobalIDString = F54AB7BF26917CBE00F619A6;
			remoteInfo = M10HomeWorkMaps;
		};
/* End PBXContainerItemProxy section */

/* Begin PBXFileReference section */
		0FFF8ED0B1AF3F1F94240B56 /* Pods_M10HomeWorkMapsTests.framework */ = {isa = PBXFileReference; explicitFileType = wrapper.framework; includeInIndex = 0; path = Pods_M10HomeWorkMapsTests.framework; sourceTree = BUILT_PRODUCTS_DIR; };
		148736D2FD3107306163B566 /* Pods-M10HomeWorkMaps-M10HomeWorkMapsUITests.release.xcconfig */ = {isa = PBXFileReference; includeInIndex = 1; lastKnownFileType = text.xcconfig; name = "Pods-M10HomeWorkMaps-M10HomeWorkMapsUITests.release.xcconfig"; path = "Target Support Files/Pods-M10HomeWorkMaps-M10HomeWorkMapsUITests/Pods-M10HomeWorkMaps-M10HomeWorkMapsUITests.release.xcconfig"; sourceTree = "<group>"; };
		17DC645F10FB4AA683CA023F /* Pods-M10HomeWorkMapsTests.release.xcconfig */ = {isa = PBXFileReference; includeInIndex = 1; lastKnownFileType = text.xcconfig; name = "Pods-M10HomeWorkMapsTests.release.xcconfig"; path = "Target Support Files/Pods-M10HomeWorkMapsTests/Pods-M10HomeWorkMapsTests.release.xcconfig"; sourceTree = "<group>"; };
		2A3B86E2A5B625BDB07C0E55 /* Pods_M10HomeWorkMaps_M10HomeWorkMapsUITests.framework */ = {isa = PBXFileReference; explicitFileType = wrapper.framework; includeInIndex = 0; path = Pods_M10HomeWorkMaps_M10HomeWorkMapsUITests.framework; sourceTree = BUILT_PRODUCTS_DIR; };
		3C070594E11F1E042A7032D2 /* Pods-M10HomeWorkMaps.release.xcconfig */ = {isa = PBXFileReference; includeInIndex = 1; lastKnownFileType = text.xcconfig; name = "Pods-M10HomeWorkMaps.release.xcconfig"; path = "Target Support Files/Pods-M10HomeWorkMaps/Pods-M10HomeWorkMaps.release.xcconfig"; sourceTree = "<group>"; };
		6E0678865D4F60CDF02F46E6 /* Pods_M10HomeWorkMaps.framework */ = {isa = PBXFileReference; explicitFileType = wrapper.framework; includeInIndex = 0; path = Pods_M10HomeWorkMaps.framework; sourceTree = BUILT_PRODUCTS_DIR; };
		70DBD0B65FAEF0CFE4B07027 /* Pods-M10HomeWorkMaps.debug.xcconfig */ = {isa = PBXFileReference; includeInIndex = 1; lastKnownFileType = text.xcconfig; name = "Pods-M10HomeWorkMaps.debug.xcconfig"; path = "Target Support Files/Pods-M10HomeWorkMaps/Pods-M10HomeWorkMaps.debug.xcconfig"; sourceTree = "<group>"; };
		D28C795CE3E76BF7292349A6 /* Pods-M10HomeWorkMaps-M10HomeWorkMapsUITests.debug.xcconfig */ = {isa = PBXFileReference; includeInIndex = 1; lastKnownFileType = text.xcconfig; name = "Pods-M10HomeWorkMaps-M10HomeWorkMapsUITests.debug.xcconfig"; path = "Target Support Files/Pods-M10HomeWorkMaps-M10HomeWorkMapsUITests/Pods-M10HomeWorkMaps-M10HomeWorkMapsUITests.debug.xcconfig"; sourceTree = "<group>"; };
		E79758F9067E7D2510EFCF01 /* Pods-M10HomeWorkMapsTests.debug.xcconfig */ = {isa = PBXFileReference; includeInIndex = 1; lastKnownFileType = text.xcconfig; name = "Pods-M10HomeWorkMapsTests.debug.xcconfig"; path = "Target Support Files/Pods-M10HomeWorkMapsTests/Pods-M10HomeWorkMapsTests.debug.xcconfig"; sourceTree = "<group>"; };
		F54036EE2692FC7400FC9F94 /* GMapsViewController.swift */ = {isa = PBXFileReference; lastKnownFileType = sourcecode.swift; path = GMapsViewController.swift; sourceTree = "<group>"; };
		F54036F026944CD200FC9F94 /* YMapsViewController.swift */ = {isa = PBXFileReference; lastKnownFileType = sourcecode.swift; path = YMapsViewController.swift; sourceTree = "<group>"; };
		F54AB7C026917CBE00F619A6 /* M10HomeWorkMaps.app */ = {isa = PBXFileReference; explicitFileType = wrapper.application; includeInIndex = 0; path = M10HomeWorkMaps.app; sourceTree = BUILT_PRODUCTS_DIR; };
		F54AB7C326917CBE00F619A6 /* AppDelegate.swift */ = {isa = PBXFileReference; lastKnownFileType = sourcecode.swift; path = AppDelegate.swift; sourceTree = "<group>"; };
		F54AB7C526917CBE00F619A6 /* SceneDelegate.swift */ = {isa = PBXFileReference; lastKnownFileType = sourcecode.swift; path = SceneDelegate.swift; sourceTree = "<group>"; };
		F54AB7C726917CBE00F619A6 /* ViewController.swift */ = {isa = PBXFileReference; lastKnownFileType = sourcecode.swift; path = ViewController.swift; sourceTree = "<group>"; };
		F54AB7CA26917CBE00F619A6 /* Base */ = {isa = PBXFileReference; lastKnownFileType = file.storyboard; name = Base; path = Base.lproj/Main.storyboard; sourceTree = "<group>"; };
		F54AB7CC26917CC000F619A6 /* Assets.xcassets */ = {isa = PBXFileReference; lastKnownFileType = folder.assetcatalog; path = Assets.xcassets; sourceTree = "<group>"; };
		F54AB7CF26917CC000F619A6 /* Base */ = {isa = PBXFileReference; lastKnownFileType = file.storyboard; name = Base; path = Base.lproj/LaunchScreen.storyboard; sourceTree = "<group>"; };
		F54AB7D126917CC000F619A6 /* Info.plist */ = {isa = PBXFileReference; lastKnownFileType = text.plist.xml; path = Info.plist; sourceTree = "<group>"; };
		F54AB7D626917CC000F619A6 /* M10HomeWorkMapsTests.xctest */ = {isa = PBXFileReference; explicitFileType = wrapper.cfbundle; includeInIndex = 0; path = M10HomeWorkMapsTests.xctest; sourceTree = BUILT_PRODUCTS_DIR; };
		F54AB7DA26917CC000F619A6 /* M10HomeWorkMapsTests.swift */ = {isa = PBXFileReference; lastKnownFileType = sourcecode.swift; path = M10HomeWorkMapsTests.swift; sourceTree = "<group>"; };
		F54AB7DC26917CC000F619A6 /* Info.plist */ = {isa = PBXFileReference; lastKnownFileType = text.plist.xml; path = Info.plist; sourceTree = "<group>"; };
		F54AB7E126917CC000F619A6 /* M10HomeWorkMapsUITests.xctest */ = {isa = PBXFileReference; explicitFileType = wrapper.cfbundle; includeInIndex = 0; path = M10HomeWorkMapsUITests.xctest; sourceTree = BUILT_PRODUCTS_DIR; };
		F54AB7E526917CC000F619A6 /* M10HomeWorkMapsUITests.swift */ = {isa = PBXFileReference; lastKnownFileType = sourcecode.swift; path = M10HomeWorkMapsUITests.swift; sourceTree = "<group>"; };
		F54AB7E726917CC000F619A6 /* Info.plist */ = {isa = PBXFileReference; lastKnownFileType = text.plist.xml; path = Info.plist; sourceTree = "<group>"; };
		F54AB7F626917EA700F619A6 /* LocationManager.swift */ = {isa = PBXFileReference; lastKnownFileType = sourcecode.swift; path = LocationManager.swift; sourceTree = "<group>"; };
		F54AB7F82691CD6D00F619A6 /* Annotation.swift */ = {isa = PBXFileReference; lastKnownFileType = sourcecode.swift; path = Annotation.swift; sourceTree = "<group>"; };
/* End PBXFileReference section */

/* Begin PBXFrameworksBuildPhase section */
		F54AB7BD26917CBE00F619A6 /* Frameworks */ = {
			isa = PBXFrameworksBuildPhase;
			buildActionMask = 2147483647;
			files = (
				DFB2BFB5C463074DB82F6C1F /* Pods_M10HomeWorkMaps.framework in Frameworks */,
			);
			runOnlyForDeploymentPostprocessing = 0;
		};
		F54AB7D326917CC000F619A6 /* Frameworks */ = {
			isa = PBXFrameworksBuildPhase;
			buildActionMask = 2147483647;
			files = (
				B49B9A395F6AF0C15C19901E /* Pods_M10HomeWorkMapsTests.framework in Frameworks */,
			);
			runOnlyForDeploymentPostprocessing = 0;
		};
		F54AB7DE26917CC000F619A6 /* Frameworks */ = {
			isa = PBXFrameworksBuildPhase;
			buildActionMask = 2147483647;
			files = (
				52F5037332673315E94C2A66 /* Pods_M10HomeWorkMaps_M10HomeWorkMapsUITests.framework in Frameworks */,
			);
			runOnlyForDeploymentPostprocessing = 0;
		};
/* End PBXFrameworksBuildPhase section */

/* Begin PBXGroup section */
		37F8922C503AB59B6BCCED62 /* Pods */ = {
			isa = PBXGroup;
			children = (
				70DBD0B65FAEF0CFE4B07027 /* Pods-M10HomeWorkMaps.debug.xcconfig */,
				3C070594E11F1E042A7032D2 /* Pods-M10HomeWorkMaps.release.xcconfig */,
				D28C795CE3E76BF7292349A6 /* Pods-M10HomeWorkMaps-M10HomeWorkMapsUITests.debug.xcconfig */,
				148736D2FD3107306163B566 /* Pods-M10HomeWorkMaps-M10HomeWorkMapsUITests.release.xcconfig */,
				E79758F9067E7D2510EFCF01 /* Pods-M10HomeWorkMapsTests.debug.xcconfig */,
				17DC645F10FB4AA683CA023F /* Pods-M10HomeWorkMapsTests.release.xcconfig */,
			);
			path = Pods;
			sourceTree = "<group>";
		};
		5D777DC4C58ED4E5380E48A1 /* Frameworks */ = {
			isa = PBXGroup;
			children = (
				6E0678865D4F60CDF02F46E6 /* Pods_M10HomeWorkMaps.framework */,
				2A3B86E2A5B625BDB07C0E55 /* Pods_M10HomeWorkMaps_M10HomeWorkMapsUITests.framework */,
				0FFF8ED0B1AF3F1F94240B56 /* Pods_M10HomeWorkMapsTests.framework */,
			);
			name = Frameworks;
			sourceTree = "<group>";
		};
		F54AB7B726917CBE00F619A6 = {
			isa = PBXGroup;
			children = (
				F54AB7C226917CBE00F619A6 /* M10HomeWorkMaps */,
				F54AB7D926917CC000F619A6 /* M10HomeWorkMapsTests */,
				F54AB7E426917CC000F619A6 /* M10HomeWorkMapsUITests */,
				F54AB7C126917CBE00F619A6 /* Products */,
				37F8922C503AB59B6BCCED62 /* Pods */,
				5D777DC4C58ED4E5380E48A1 /* Frameworks */,
			);
			sourceTree = "<group>";
		};
		F54AB7C126917CBE00F619A6 /* Products */ = {
			isa = PBXGroup;
			children = (
				F54AB7C026917CBE00F619A6 /* M10HomeWorkMaps.app */,
				F54AB7D626917CC000F619A6 /* M10HomeWorkMapsTests.xctest */,
				F54AB7E126917CC000F619A6 /* M10HomeWorkMapsUITests.xctest */,
			);
			name = Products;
			sourceTree = "<group>";
		};
		F54AB7C226917CBE00F619A6 /* M10HomeWorkMaps */ = {
			isa = PBXGroup;
			children = (
				F54AB7F526917E7A00F619A6 /* Yandex Maps */,
				F54AB7F426917E4B00F619A6 /* Google Maps */,
				F54AB7F326917E3E00F619A6 /* Apple Maps */,
				F54AB7C326917CBE00F619A6 /* AppDelegate.swift */,
				F54AB7C526917CBE00F619A6 /* SceneDelegate.swift */,
				F54AB7C926917CBE00F619A6 /* Main.storyboard */,
				F54AB7CC26917CC000F619A6 /* Assets.xcassets */,
				F54AB7CE26917CC000F619A6 /* LaunchScreen.storyboard */,
				F54AB7D126917CC000F619A6 /* Info.plist */,
			);
			path = M10HomeWorkMaps;
			sourceTree = "<group>";
		};
		F54AB7D926917CC000F619A6 /* M10HomeWorkMapsTests */ = {
			isa = PBXGroup;
			children = (
				F54AB7DA26917CC000F619A6 /* M10HomeWorkMapsTests.swift */,
				F54AB7DC26917CC000F619A6 /* Info.plist */,
			);
			path = M10HomeWorkMapsTests;
			sourceTree = "<group>";
		};
		F54AB7E426917CC000F619A6 /* M10HomeWorkMapsUITests */ = {
			isa = PBXGroup;
			children = (
				F54AB7E526917CC000F619A6 /* M10HomeWorkMapsUITests.swift */,
				F54AB7E726917CC000F619A6 /* Info.plist */,
			);
			path = M10HomeWorkMapsUITests;
			sourceTree = "<group>";
		};
		F54AB7F326917E3E00F619A6 /* Apple Maps */ = {
			isa = PBXGroup;
			children = (
				F54AB7C726917CBE00F619A6 /* ViewController.swift */,
				F54AB7F626917EA700F619A6 /* LocationManager.swift */,
				F54AB7F82691CD6D00F619A6 /* Annotation.swift */,
			);
			path = "Apple Maps";
			sourceTree = "<group>";
		};
		F54AB7F426917E4B00F619A6 /* Google Maps */ = {
			isa = PBXGroup;
			children = (
				F54036EE2692FC7400FC9F94 /* GMapsViewController.swift */,
			);
			path = "Google Maps";
			sourceTree = "<group>";
		};
		F54AB7F526917E7A00F619A6 /* Yandex Maps */ = {
			isa = PBXGroup;
			children = (
				F54036F026944CD200FC9F94 /* YMapsViewController.swift */,
			);
			path = "Yandex Maps";
			sourceTree = "<group>";
		};
/* End PBXGroup section */

/* Begin PBXNativeTarget section */
		F54AB7BF26917CBE00F619A6 /* M10HomeWorkMaps */ = {
			isa = PBXNativeTarget;
			buildConfigurationList = F54AB7EA26917CC000F619A6 /* Build configuration list for PBXNativeTarget "M10HomeWorkMaps" */;
			buildPhases = (
				FF0F4A970370E18A733E1D56 /* [CP] Check Pods Manifest.lock */,
				F54AB7BC26917CBE00F619A6 /* Sources */,
				F54AB7BD26917CBE00F619A6 /* Frameworks */,
				F54AB7BE26917CBE00F619A6 /* Resources */,
				B0370116DCCD4676D020179E /* [CP] Copy Pods Resources */,
			);
			buildRules = (
			);
			dependencies = (
			);
			name = M10HomeWorkMaps;
			productName = M10HomeWorkMaps;
			productReference = F54AB7C026917CBE00F619A6 /* M10HomeWorkMaps.app */;
			productType = "com.apple.product-type.application";
		};
		F54AB7D526917CC000F619A6 /* M10HomeWorkMapsTests */ = {
			isa = PBXNativeTarget;
			buildConfigurationList = F54AB7ED26917CC000F619A6 /* Build configuration list for PBXNativeTarget "M10HomeWorkMapsTests" */;
			buildPhases = (
				2AB4BAD821FC7192A014A163 /* [CP] Check Pods Manifest.lock */,
				F54AB7D226917CC000F619A6 /* Sources */,
				F54AB7D326917CC000F619A6 /* Frameworks */,
				F54AB7D426917CC000F619A6 /* Resources */,
			);
			buildRules = (
			);
			dependencies = (
				F54AB7D826917CC000F619A6 /* PBXTargetDependency */,
			);
			name = M10HomeWorkMapsTests;
			productName = M10HomeWorkMapsTests;
			productReference = F54AB7D626917CC000F619A6 /* M10HomeWorkMapsTests.xctest */;
			productType = "com.apple.product-type.bundle.unit-test";
		};
		F54AB7E026917CC000F619A6 /* M10HomeWorkMapsUITests */ = {
			isa = PBXNativeTarget;
			buildConfigurationList = F54AB7F026917CC000F619A6 /* Build configuration list for PBXNativeTarget "M10HomeWorkMapsUITests" */;
			buildPhases = (
				A77BD34060E50427C4F194AA /* [CP] Check Pods Manifest.lock */,
				F54AB7DD26917CC000F619A6 /* Sources */,
				F54AB7DE26917CC000F619A6 /* Frameworks */,
				F54AB7DF26917CC000F619A6 /* Resources */,
				C567FF171C06E6F7A546ED9E /* [CP] Copy Pods Resources */,
			);
			buildRules = (
			);
			dependencies = (
				F54AB7E326917CC000F619A6 /* PBXTargetDependency */,
			);
			name = M10HomeWorkMapsUITests;
			productName = M10HomeWorkMapsUITests;
			productReference = F54AB7E126917CC000F619A6 /* M10HomeWorkMapsUITests.xctest */;
			productType = "com.apple.product-type.bundle.ui-testing";
		};
/* End PBXNativeTarget section */

/* Begin PBXProject section */
		F54AB7B826917CBE00F619A6 /* Project object */ = {
			isa = PBXProject;
			attributes = {
				LastSwiftUpdateCheck = 1250;
				LastUpgradeCheck = 1250;
				TargetAttributes = {
					F54AB7BF26917CBE00F619A6 = {
						CreatedOnToolsVersion = 12.5.1;
					};
					F54AB7D526917CC000F619A6 = {
						CreatedOnToolsVersion = 12.5.1;
						TestTargetID = F54AB7BF26917CBE00F619A6;
					};
					F54AB7E026917CC000F619A6 = {
						CreatedOnToolsVersion = 12.5.1;
						TestTargetID = F54AB7BF26917CBE00F619A6;
					};
				};
			};
			buildConfigurationList = F54AB7BB26917CBE00F619A6 /* Build configuration list for PBXProject "M10HomeWorkMaps" */;
			compatibilityVersion = "Xcode 9.3";
			developmentRegion = en;
			hasScannedForEncodings = 0;
			knownRegions = (
				en,
				Base,
			);
			mainGroup = F54AB7B726917CBE00F619A6;
			productRefGroup = F54AB7C126917CBE00F619A6 /* Products */;
			projectDirPath = "";
			projectRoot = "";
			targets = (
				F54AB7BF26917CBE00F619A6 /* M10HomeWorkMaps */,
				F54AB7D526917CC000F619A6 /* M10HomeWorkMapsTests */,
				F54AB7E026917CC000F619A6 /* M10HomeWorkMapsUITests */,
			);
		};
/* End PBXProject section */

/* Begin PBXResourcesBuildPhase section */
		F54AB7BE26917CBE00F619A6 /* Resources */ = {
			isa = PBXResourcesBuildPhase;
			buildActionMask = 2147483647;
			files = (
				F54AB7D026917CC000F619A6 /* LaunchScreen.storyboard in Resources */,
				F54AB7CD26917CC000F619A6 /* Assets.xcassets in Resources */,
				F54AB7CB26917CBE00F619A6 /* Main.storyboard in Resources */,
			);
			runOnlyForDeploymentPostprocessing = 0;
		};
		F54AB7D426917CC000F619A6 /* Resources */ = {
			isa = PBXResourcesBuildPhase;
			buildActionMask = 2147483647;
			files = (
			);
			runOnlyForDeploymentPostprocessing = 0;
		};
		F54AB7DF26917CC000F619A6 /* Resources */ = {
			isa = PBXResourcesBuildPhase;
			buildActionMask = 2147483647;
			files = (
			);
			runOnlyForDeploymentPostprocessing = 0;
		};
/* End PBXResourcesBuildPhase section */

/* Begin PBXShellScriptBuildPhase section */
		2AB4BAD821FC7192A014A163 /* [CP] Check Pods Manifest.lock */ = {
			isa = PBXShellScriptBuildPhase;
			buildActionMask = 2147483647;
			files = (
			);
			inputFileListPaths = (
			);
			inputPaths = (
				"${PODS_PODFILE_DIR_PATH}/Podfile.lock",
				"${PODS_ROOT}/Manifest.lock",
			);
			name = "[CP] Check Pods Manifest.lock";
			outputFileListPaths = (
			);
			outputPaths = (
				"$(DERIVED_FILE_DIR)/Pods-M10HomeWorkMapsTests-checkManifestLockResult.txt",
			);
			runOnlyForDeploymentPostprocessing = 0;
			shellPath = /bin/sh;
			shellScript = "diff \"${PODS_PODFILE_DIR_PATH}/Podfile.lock\" \"${PODS_ROOT}/Manifest.lock\" > /dev/null\nif [ $? != 0 ] ; then\n    # print error to STDERR\n    echo \"error: The sandbox is not in sync with the Podfile.lock. Run 'pod install' or update your CocoaPods installation.\" >&2\n    exit 1\nfi\n# This output is used by Xcode 'outputs' to avoid re-running this script phase.\necho \"SUCCESS\" > \"${SCRIPT_OUTPUT_FILE_0}\"\n";
			showEnvVarsInLog = 0;
		};
		A77BD34060E50427C4F194AA /* [CP] Check Pods Manifest.lock */ = {
			isa = PBXShellScriptBuildPhase;
			buildActionMask = 2147483647;
			files = (
			);
			inputFileListPaths = (
			);
			inputPaths = (
				"${PODS_PODFILE_DIR_PATH}/Podfile.lock",
				"${PODS_ROOT}/Manifest.lock",
			);
			name = "[CP] Check Pods Manifest.lock";
			outputFileListPaths = (
			);
			outputPaths = (
				"$(DERIVED_FILE_DIR)/Pods-M10HomeWorkMaps-M10HomeWorkMapsUITests-checkManifestLockResult.txt",
			);
			runOnlyForDeploymentPostprocessing = 0;
			shellPath = /bin/sh;
			shellScript = "diff \"${PODS_PODFILE_DIR_PATH}/Podfile.lock\" \"${PODS_ROOT}/Manifest.lock\" > /dev/null\nif [ $? != 0 ] ; then\n    # print error to STDERR\n    echo \"error: The sandbox is not in sync with the Podfile.lock. Run 'pod install' or update your CocoaPods installation.\" >&2\n    exit 1\nfi\n# This output is used by Xcode 'outputs' to avoid re-running this script phase.\necho \"SUCCESS\" > \"${SCRIPT_OUTPUT_FILE_0}\"\n";
			showEnvVarsInLog = 0;
		};
		B0370116DCCD4676D020179E /* [CP] Copy Pods Resources */ = {
			isa = PBXShellScriptBuildPhase;
			buildActionMask = 2147483647;
			files = (
			);
			inputFileListPaths = (
				"${PODS_ROOT}/Target Support Files/Pods-M10HomeWorkMaps/Pods-M10HomeWorkMaps-resources-${CONFIGURATION}-input-files.xcfilelist",
			);
			name = "[CP] Copy Pods Resources";
			outputFileListPaths = (
				"${PODS_ROOT}/Target Support Files/Pods-M10HomeWorkMaps/Pods-M10HomeWorkMaps-resources-${CONFIGURATION}-output-files.xcfilelist",
			);
			runOnlyForDeploymentPostprocessing = 0;
			shellPath = /bin/sh;
			shellScript = "\"${PODS_ROOT}/Target Support Files/Pods-M10HomeWorkMaps/Pods-M10HomeWorkMaps-resources.sh\"\n";
			showEnvVarsInLog = 0;
		};
		C567FF171C06E6F7A546ED9E /* [CP] Copy Pods Resources */ = {
			isa = PBXShellScriptBuildPhase;
			buildActionMask = 2147483647;
			files = (
			);
			inputFileListPaths = (
				"${PODS_ROOT}/Target Support Files/Pods-M10HomeWorkMaps-M10HomeWorkMapsUITests/Pods-M10HomeWorkMaps-M10HomeWorkMapsUITests-resources-${CONFIGURATION}-input-files.xcfilelist",
			);
			name = "[CP] Copy Pods Resources";
			outputFileListPaths = (
				"${PODS_ROOT}/Target Support Files/Pods-M10HomeWorkMaps-M10HomeWorkMapsUITests/Pods-M10HomeWorkMaps-M10HomeWorkMapsUITests-resources-${CONFIGURATION}-output-files.xcfilelist",
			);
			runOnlyForDeploymentPostprocessing = 0;
			shellPath = /bin/sh;
			shellScript = "\"${PODS_ROOT}/Target Support Files/Pods-M10HomeWorkMaps-M10HomeWorkMapsUITests/Pods-M10HomeWorkMaps-M10HomeWorkMapsUITests-resources.sh\"\n";
			showEnvVarsInLog = 0;
		};
		FF0F4A970370E18A733E1D56 /* [CP] Check Pods Manifest.lock */ = {
			isa = PBXShellScriptBuildPhase;
			buildActionMask = 2147483647;
			files = (
			);
			inputFileListPaths = (
			);
			inputPaths = (
				"${PODS_PODFILE_DIR_PATH}/Podfile.lock",
				"${PODS_ROOT}/Manifest.lock",
			);
			name = "[CP] Check Pods Manifest.lock";
			outputFileListPaths = (
			);
			outputPaths = (
				"$(DERIVED_FILE_DIR)/Pods-M10HomeWorkMaps-checkManifestLockResult.txt",
			);
			runOnlyForDeploymentPostprocessing = 0;
			shellPath = /bin/sh;
			shellScript = "diff \"${PODS_PODFILE_DIR_PATH}/Podfile.lock\" \"${PODS_ROOT}/Manifest.lock\" > /dev/null\nif [ $? != 0 ] ; then\n    # print error to STDERR\n    echo \"error: The sandbox is not in sync with the Podfile.lock. Run 'pod install' or update your CocoaPods installation.\" >&2\n    exit 1\nfi\n# This output is used by Xcode 'outputs' to avoid re-running this script phase.\necho \"SUCCESS\" > \"${SCRIPT_OUTPUT_FILE_0}\"\n";
			showEnvVarsInLog = 0;
		};
/* End PBXShellScriptBuildPhase section */

/* Begin PBXSourcesBuildPhase section */
		F54AB7BC26917CBE00F619A6 /* Sources */ = {
			isa = PBXSourcesBuildPhase;
			buildActionMask = 2147483647;
			files = (
				F54036F126944CD200FC9F94 /* YMapsViewController.swift in Sources */,
				F54AB7F726917EA700F619A6 /* LocationManager.swift in Sources */,
				F54AB7F92691CD6D00F619A6 /* Annotation.swift in Sources */,
				F54AB7C826917CBE00F619A6 /* ViewController.swift in Sources */,
				F54AB7C426917CBE00F619A6 /* AppDelegate.swift in Sources */,
				F54AB7C626917CBE00F619A6 /* SceneDelegate.swift in Sources */,
				F54036EF2692FC7400FC9F94 /* GMapsViewController.swift in Sources */,
			);
			runOnlyForDeploymentPostprocessing = 0;
		};
		F54AB7D226917CC000F619A6 /* Sources */ = {
			isa = PBXSourcesBuildPhase;
			buildActionMask = 2147483647;
			files = (
				F54AB7DB26917CC000F619A6 /* M10HomeWorkMapsTests.swift in Sources */,
			);
			runOnlyForDeploymentPostprocessing = 0;
		};
		F54AB7DD26917CC000F619A6 /* Sources */ = {
			isa = PBXSourcesBuildPhase;
			buildActionMask = 2147483647;
			files = (
				F54AB7E626917CC000F619A6 /* M10HomeWorkMapsUITests.swift in Sources */,
			);
			runOnlyForDeploymentPostprocessing = 0;
		};
/* End PBXSourcesBuildPhase section */

/* Begin PBXTargetDependency section */
		F54AB7D826917CC000F619A6 /* PBXTargetDependency */ = {
			isa = PBXTargetDependency;
			target = F54AB7BF26917CBE00F619A6 /* M10HomeWorkMaps */;
			targetProxy = F54AB7D726917CC000F619A6 /* PBXContainerItemProxy */;
		};
		F54AB7E326917CC000F619A6 /* PBXTargetDependency */ = {
			isa = PBXTargetDependency;
			target = F54AB7BF26917CBE00F619A6 /* M10HomeWorkMaps */;
			targetProxy = F54AB7E226917CC000F619A6 /* PBXContainerItemProxy */;
		};
/* End PBXTargetDependency section */

/* Begin PBXVariantGroup section */
		F54AB7C926917CBE00F619A6 /* Main.storyboard */ = {
			isa = PBXVariantGroup;
			children = (
				F54AB7CA26917CBE00F619A6 /* Base */,
			);
			name = Main.storyboard;
			sourceTree = "<group>";
		};
		F54AB7CE26917CC000F619A6 /* LaunchScreen.storyboard */ = {
			isa = PBXVariantGroup;
			children = (
				F54AB7CF26917CC000F619A6 /* Base */,
			);
			name = LaunchScreen.storyboard;
			sourceTree = "<group>";
		};
/* End PBXVariantGroup section */

/* Begin XCBuildConfiguration section */
		F54AB7E826917CC000F619A6 /* Debug */ = {
			isa = XCBuildConfiguration;
			buildSettings = {
				ALWAYS_SEARCH_USER_PATHS = NO;
				CLANG_ANALYZER_NONNULL = YES;
				CLANG_ANALYZER_NUMBER_OBJECT_CONVERSION = YES_AGGRESSIVE;
				CLANG_CXX_LANGUAGE_STANDARD = "gnu++14";
				CLANG_CXX_LIBRARY = "libc++";
				CLANG_ENABLE_MODULES = YES;
				CLANG_ENABLE_OBJC_ARC = YES;
				CLANG_ENABLE_OBJC_WEAK = YES;
				CLANG_WARN_BLOCK_CAPTURE_AUTORELEASING = YES;
				CLANG_WARN_BOOL_CONVERSION = YES;
				CLANG_WARN_COMMA = YES;
				CLANG_WARN_CONSTANT_CONVERSION = YES;
				CLANG_WARN_DEPRECATED_OBJC_IMPLEMENTATIONS = YES;
				CLANG_WARN_DIRECT_OBJC_ISA_USAGE = YES_ERROR;
				CLANG_WARN_DOCUMENTATION_COMMENTS = YES;
				CLANG_WARN_EMPTY_BODY = YES;
				CLANG_WARN_ENUM_CONVERSION = YES;
				CLANG_WARN_INFINITE_RECURSION = YES;
				CLANG_WARN_INT_CONVERSION = YES;
				CLANG_WARN_NON_LITERAL_NULL_CONVERSION = YES;
				CLANG_WARN_OBJC_IMPLICIT_RETAIN_SELF = YES;
				CLANG_WARN_OBJC_LITERAL_CONVERSION = YES;
				CLANG_WARN_OBJC_ROOT_CLASS = YES_ERROR;
				CLANG_WARN_QUOTED_INCLUDE_IN_FRAMEWORK_HEADER = YES;
				CLANG_WARN_RANGE_LOOP_ANALYSIS = YES;
				CLANG_WARN_STRICT_PROTOTYPES = YES;
				CLANG_WARN_SUSPICIOUS_MOVE = YES;
				CLANG_WARN_UNGUARDED_AVAILABILITY = YES_AGGRESSIVE;
				CLANG_WARN_UNREACHABLE_CODE = YES;
				CLANG_WARN__DUPLICATE_METHOD_MATCH = YES;
				COPY_PHASE_STRIP = NO;
				DEBUG_INFORMATION_FORMAT = dwarf;
				ENABLE_STRICT_OBJC_MSGSEND = YES;
				ENABLE_TESTABILITY = YES;
				GCC_C_LANGUAGE_STANDARD = gnu11;
				GCC_DYNAMIC_NO_PIC = NO;
				GCC_NO_COMMON_BLOCKS = YES;
				GCC_OPTIMIZATION_LEVEL = 0;
				GCC_PREPROCESSOR_DEFINITIONS = (
					"DEBUG=1",
					"$(inherited)",
				);
				GCC_WARN_64_TO_32_BIT_CONVERSION = YES;
				GCC_WARN_ABOUT_RETURN_TYPE = YES_ERROR;
				GCC_WARN_UNDECLARED_SELECTOR = YES;
				GCC_WARN_UNINITIALIZED_AUTOS = YES_AGGRESSIVE;
				GCC_WARN_UNUSED_FUNCTION = YES;
				GCC_WARN_UNUSED_VARIABLE = YES;
				IPHONEOS_DEPLOYMENT_TARGET = 14.5;
				MTL_ENABLE_DEBUG_INFO = INCLUDE_SOURCE;
				MTL_FAST_MATH = YES;
				ONLY_ACTIVE_ARCH = YES;
				SDKROOT = iphoneos;
				SWIFT_ACTIVE_COMPILATION_CONDITIONS = DEBUG;
				SWIFT_OPTIMIZATION_LEVEL = "-Onone";
			};
			name = Debug;
		};
		F54AB7E926917CC000F619A6 /* Release */ = {
			isa = XCBuildConfiguration;
			buildSettings = {
				ALWAYS_SEARCH_USER_PATHS = NO;
				CLANG_ANALYZER_NONNULL = YES;
				CLANG_ANALYZER_NUMBER_OBJECT_CONVERSION = YES_AGGRESSIVE;
				CLANG_CXX_LANGUAGE_STANDARD = "gnu++14";
				CLANG_CXX_LIBRARY = "libc++";
				CLANG_ENABLE_MODULES = YES;
				CLANG_ENABLE_OBJC_ARC = YES;
				CLANG_ENABLE_OBJC_WEAK = YES;
				CLANG_WARN_BLOCK_CAPTURE_AUTORELEASING = YES;
				CLANG_WARN_BOOL_CONVERSION = YES;
				CLANG_WARN_COMMA = YES;
				CLANG_WARN_CONSTANT_CONVERSION = YES;
				CLANG_WARN_DEPRECATED_OBJC_IMPLEMENTATIONS = YES;
				CLANG_WARN_DIRECT_OBJC_ISA_USAGE = YES_ERROR;
				CLANG_WARN_DOCUMENTATION_COMMENTS = YES;
				CLANG_WARN_EMPTY_BODY = YES;
				CLANG_WARN_ENUM_CONVERSION = YES;
				CLANG_WARN_INFINITE_RECURSION = YES;
				CLANG_WARN_INT_CONVERSION = YES;
				CLANG_WARN_NON_LITERAL_NULL_CONVERSION = YES;
				CLANG_WARN_OBJC_IMPLICIT_RETAIN_SELF = YES;
				CLANG_WARN_OBJC_LITERAL_CONVERSION = YES;
				CLANG_WARN_OBJC_ROOT_CLASS = YES_ERROR;
				CLANG_WARN_QUOTED_INCLUDE_IN_FRAMEWORK_HEADER = YES;
				CLANG_WARN_RANGE_LOOP_ANALYSIS = YES;
				CLANG_WARN_STRICT_PROTOTYPES = YES;
				CLANG_WARN_SUSPICIOUS_MOVE = YES;
				CLANG_WARN_UNGUARDED_AVAILABILITY = YES_AGGRESSIVE;
				CLANG_WARN_UNREACHABLE_CODE = YES;
				CLANG_WARN__DUPLICATE_METHOD_MATCH = YES;
				COPY_PHASE_STRIP = NO;
				DEBUG_INFORMATION_FORMAT = "dwarf-with-dsym";
				ENABLE_NS_ASSERTIONS = NO;
				ENABLE_STRICT_OBJC_MSGSEND = YES;
				GCC_C_LANGUAGE_STANDARD = gnu11;
				GCC_NO_COMMON_BLOCKS = YES;
				GCC_WARN_64_TO_32_BIT_CONVERSION = YES;
				GCC_WARN_ABOUT_RETURN_TYPE = YES_ERROR;
				GCC_WARN_UNDECLARED_SELECTOR = YES;
				GCC_WARN_UNINITIALIZED_AUTOS = YES_AGGRESSIVE;
				GCC_WARN_UNUSED_FUNCTION = YES;
				GCC_WARN_UNUSED_VARIABLE = YES;
				IPHONEOS_DEPLOYMENT_TARGET = 14.5;
				MTL_ENABLE_DEBUG_INFO = NO;
				MTL_FAST_MATH = YES;
				SDKROOT = iphoneos;
				SWIFT_COMPILATION_MODE = wholemodule;
				SWIFT_OPTIMIZATION_LEVEL = "-O";
				VALIDATE_PRODUCT = YES;
			};
			name = Release;
		};
		F54AB7EB26917CC000F619A6 /* Debug */ = {
			isa = XCBuildConfiguration;
			baseConfigurationReference = 70DBD0B65FAEF0CFE4B07027 /* Pods-M10HomeWorkMaps.debug.xcconfig */;
			buildSettings = {
				ASSETCATALOG_COMPILER_APPICON_NAME = AppIcon;
				ASSETCATALOG_COMPILER_GLOBAL_ACCENT_COLOR_NAME = AccentColor;
				CODE_SIGN_STYLE = Automatic;
				DEVELOPMENT_TEAM = 8GYH8TXH77;
				INFOPLIST_FILE = M10HomeWorkMaps/Info.plist;
				LD_RUNPATH_SEARCH_PATHS = (
					"$(inherited)",
					"@executable_path/Frameworks",
				);
				PRODUCT_BUNDLE_IDENTIFIER = VApps.M10HomeWorkMaps;
				PRODUCT_NAME = "$(TARGET_NAME)";
				SWIFT_VERSION = 5.0;
				TARGETED_DEVICE_FAMILY = "1,2";
			};
			name = Debug;
		};
		F54AB7EC26917CC000F619A6 /* Release */ = {
			isa = XCBuildConfiguration;
			baseConfigurationReference = 3C070594E11F1E042A7032D2 /* Pods-M10HomeWorkMaps.release.xcconfig */;
			buildSettings = {
				ASSETCATALOG_COMPILER_APPICON_NAME = AppIcon;
				ASSETCATALOG_COMPILER_GLOBAL_ACCENT_COLOR_NAME = AccentColor;
				CODE_SIGN_STYLE = Automatic;
				DEVELOPMENT_TEAM = 8GYH8TXH77;
				INFOPLIST_FILE = M10HomeWorkMaps/Info.plist;
				LD_RUNPATH_SEARCH_PATHS = (
					"$(inherited)",
					"@executable_path/Frameworks",
				);
				PRODUCT_BUNDLE_IDENTIFIER = VApps.M10HomeWorkMaps;
				PRODUCT_NAME = "$(TARGET_NAME)";
				SWIFT_VERSION = 5.0;
				TARGETED_DEVICE_FAMILY = "1,2";
			};
			name = Release;
		};
		F54AB7EE26917CC000F619A6 /* Debug */ = {
			isa = XCBuildConfiguration;
			baseConfigurationReference = E79758F9067E7D2510EFCF01 /* Pods-M10HomeWorkMapsTests.debug.xcconfig */;
			buildSettings = {
				ALWAYS_EMBED_SWIFT_STANDARD_LIBRARIES = YES;
				BUNDLE_LOADER = "$(TEST_HOST)";
				CODE_SIGN_STYLE = Automatic;
				DEVELOPMENT_TEAM = 8GYH8TXH77;
				INFOPLIST_FILE = M10HomeWorkMapsTests/Info.plist;
				IPHONEOS_DEPLOYMENT_TARGET = 14.5;
				LD_RUNPATH_SEARCH_PATHS = (
					"$(inherited)",
					"@executable_path/Frameworks",
					"@loader_path/Frameworks",
				);
				PRODUCT_BUNDLE_IDENTIFIER = VApps.M10HomeWorkMapsTests;
				PRODUCT_NAME = "$(TARGET_NAME)";
				SWIFT_VERSION = 5.0;
				TARGETED_DEVICE_FAMILY = "1,2";
				TEST_HOST = "$(BUILT_PRODUCTS_DIR)/M10HomeWorkMaps.app/M10HomeWorkMaps";
			};
			name = Debug;
		};
		F54AB7EF26917CC000F619A6 /* Release */ = {
			isa = XCBuildConfiguration;
			baseConfigurationReference = 17DC645F10FB4AA683CA023F /* Pods-M10HomeWorkMapsTests.release.xcconfig */;
			buildSettings = {
				ALWAYS_EMBED_SWIFT_STANDARD_LIBRARIES = YES;
				BUNDLE_LOADER = "$(TEST_HOST)";
				CODE_SIGN_STYLE = Automatic;
				DEVELOPMENT_TEAM = 8GYH8TXH77;
				INFOPLIST_FILE = M10HomeWorkMapsTests/Info.plist;
				IPHONEOS_DEPLOYMENT_TARGET = 14.5;
				LD_RUNPATH_SEARCH_PATHS = (
					"$(inherited)",
					"@executable_path/Frameworks",
					"@loader_path/Frameworks",
				);
				PRODUCT_BUNDLE_IDENTIFIER = VApps.M10HomeWorkMapsTests;
				PRODUCT_NAME = "$(TARGET_NAME)";
				SWIFT_VERSION = 5.0;
				TARGETED_DEVICE_FAMILY = "1,2";
				TEST_HOST = "$(BUILT_PRODUCTS_DIR)/M10HomeWorkMaps.app/M10HomeWorkMaps";
			};
			name = Release;
		};
		F54AB7F126917CC000F619A6 /* Debug */ = {
			isa = XCBuildConfiguration;
			baseConfigurationReference = D28C795CE3E76BF7292349A6 /* Pods-M10HomeWorkMaps-M10HomeWorkMapsUITests.debug.xcconfig */;
			buildSettings = {
				ALWAYS_EMBED_SWIFT_STANDARD_LIBRARIES = YES;
				CODE_SIGN_STYLE = Automatic;
				DEVELOPMENT_TEAM = 8GYH8TXH77;
				INFOPLIST_FILE = M10HomeWorkMapsUITests/Info.plist;
				LD_RUNPATH_SEARCH_PATHS = (
					"$(inherited)",
					"@executable_path/Frameworks",
					"@loader_path/Frameworks",
				);
				PRODUCT_BUNDLE_IDENTIFIER = VApps.M10HomeWorkMapsUITests;
				PRODUCT_NAME = "$(TARGET_NAME)";
				SWIFT_VERSION = 5.0;
				TARGETED_DEVICE_FAMILY = "1,2";
				TEST_TARGET_NAME = M10HomeWorkMaps;
			};
			name = Debug;
		};
		F54AB7F226917CC000F619A6 /* Release */ = {
			isa = XCBuildConfiguration;
			baseConfigurationReference = 148736D2FD3107306163B566 /* Pods-M10HomeWorkMaps-M10HomeWorkMapsUITests.release.xcconfig */;
			buildSettings = {
				ALWAYS_EMBED_SWIFT_STANDARD_LIBRARIES = YES;
				CODE_SIGN_STYLE = Automatic;
				DEVELOPMENT_TEAM = 8GYH8TXH77;
				INFOPLIST_FILE = M10HomeWorkMapsUITests/Info.plist;
				LD_RUNPATH_SEARCH_PATHS = (
					"$(inherited)",
					"@executable_path/Frameworks",
					"@loader_path/Frameworks",
				);
				PRODUCT_BUNDLE_IDENTIFIER = VApps.M10HomeWorkMapsUITests;
				PRODUCT_NAME = "$(TARGET_NAME)";
				SWIFT_VERSION = 5.0;
				TARGETED_DEVICE_FAMILY = "1,2";
				TEST_TARGET_NAME = M10HomeWorkMaps;
			};
			name = Release;
		};
/* End XCBuildConfiguration section */

/* Begin XCConfigurationList section */
		F54AB7BB26917CBE00F619A6 /* Build configuration list for PBXProject "M10HomeWorkMaps" */ = {
			isa = XCConfigurationList;
			buildConfigurations = (
				F54AB7E826917CC000F619A6 /* Debug */,
				F54AB7E926917CC000F619A6 /* Release */,
			);
			defaultConfigurationIsVisible = 0;
			defaultConfigurationName = Release;
		};
		F54AB7EA26917CC000F619A6 /* Build configuration list for PBXNativeTarget "M10HomeWorkMaps" */ = {
			isa = XCConfigurationList;
			buildConfigurations = (
				F54AB7EB26917CC000F619A6 /* Debug */,
				F54AB7EC26917CC000F619A6 /* Release */,
			);
			defaultConfigurationIsVisible = 0;
			defaultConfigurationName = Release;
		};
		F54AB7ED26917CC000F619A6 /* Build configuration list for PBXNativeTarget "M10HomeWorkMapsTests" */ = {
			isa = XCConfigurationList;
			buildConfigurations = (
				F54AB7EE26917CC000F619A6 /* Debug */,
				F54AB7EF26917CC000F619A6 /* Release */,
			);
			defaultConfigurationIsVisible = 0;
			defaultConfigurationName = Release;
		};
		F54AB7F026917CC000F619A6 /* Build configuration list for PBXNativeTarget "M10HomeWorkMapsUITests" */ = {
			isa = XCConfigurationList;
			buildConfigurations = (
				F54AB7F126917CC000F619A6 /* Debug */,
				F54AB7F226917CC000F619A6 /* Release */,
			);
			defaultConfigurationIsVisible = 0;
			defaultConfigurationName = Release;
		};
/* End XCConfigurationList section */
	};
	rootObject = F54AB7B826917CBE00F619A6 /* Project object */;
}
